
Microsoft Visual Studio Solution File, Format Version 12.00
# Visual Studio 15
VisualStudioVersion = 15.0.28307.852
MinimumVisualStudioVersion = 10.0.40219.1
Project("{FAE04EC0-301F-11D3-BF4B-00C04F79EFBC}") = "ListAssignmentUi", "ListAssignmentUi\ListAssignmentUi.csproj", "{A84F6471-B83F-4E37-99E0-90104BA8B6D6}"
EndProject
Global
	GlobalSection(SolutionConfigurationPlatforms) = preSolution
		Debug|Any CPU = Debug|Any CPU
		Release|Any CPU = Release|Any CPU
	EndGlobalSection
	GlobalSection(ProjectConfigurationPlatforms) = postSolution
		{A84F6471-B83F-4E37-99E0-90104BA8B6D6}.Debug|Any CPU.ActiveCfg = Debug|Any CPU
		{A84F6471-B83F-4E37-99E0-90104BA8B6D6}.Debug|Any CPU.Build.0 = Debug|Any CPU
		{A84F6471-B83F-4E37-99E0-90104BA8B6D6}.Release|Any CPU.ActiveCfg = Release|Any CPU
		{A84F6471-B83F-4E37-99E0-90104BA8B6D6}.Release|Any CPU.Build.0 = Release|Any CPU
	EndGlobalSection
	GlobalSection(SolutionProperties) = preSolution
		HideSolutionNode = FALSE
	EndGlobalSection
	GlobalSection(ExtensibilityGlobals) = postSolution
		SolutionGuid = {5BAA1D05-9ED5-4658-8F78-3EFE3C8EE19D}
	EndGlobalSection
EndGlobal
